// !$*UTF8*$!
{
	archiveVersion = 1;
	classes = {
	};
	objectVersion = 50;
	objects = {

/* Begin PBXBuildFile section */
		351D6A242738FE1D00A88418 /* DBVPStoryboard.storyboard in Resources */ = {isa = PBXBuildFile; fileRef = 351D6A232738FE1D00A88418 /* DBVPStoryboard.storyboard */; };
		351D6A37273A505700A88418 /* DBVPRegisterInfoVC.m in Sources */ = {isa = PBXBuildFile; fileRef = 351D6A36273A505700A88418 /* DBVPRegisterInfoVC.m */; };
		351D6A3A273A50CC00A88418 /* DBVPRegisterReadVC.m in Sources */ = {isa = PBXBuildFile; fileRef = 351D6A39273A50CC00A88418 /* DBVPRegisterReadVC.m */; };
		35631C90273D11EF00A7343B /* DBVPHomeVC.m in Sources */ = {isa = PBXBuildFile; fileRef = 35631C8F273D11EF00A7343B /* DBVPHomeVC.m */; };
		35631C93273D230200A7343B /* DBVPMatchMoreListVC.m in Sources */ = {isa = PBXBuildFile; fileRef = 35631C92273D230200A7343B /* DBVPMatchMoreListVC.m */; };
		357B2E0E26BC02D2006C15FD /* DBRecordTextVC.m in Sources */ = {isa = PBXBuildFile; fileRef = 357B2E0426BC02D1006C15FD /* DBRecordTextVC.m */; };
		357B2E0F26BC02D2006C15FD /* DBVoiceExperienceVC.m in Sources */ = {isa = PBXBuildFile; fileRef = 357B2E0826BC02D2006C15FD /* DBVoiceExperienceVC.m */; };
		357B2E1026BC02D2006C15FD /* DBNoiseDetectionVC.m in Sources */ = {isa = PBXBuildFile; fileRef = 357B2E0A26BC02D2006C15FD /* DBNoiseDetectionVC.m */; };
		357B2E1126BC02D2006C15FD /* DBVoiceListVC.m in Sources */ = {isa = PBXBuildFile; fileRef = 357B2E0B26BC02D2006C15FD /* DBVoiceListVC.m */; };
		357B2E1226BC02D2006C15FD /* DBRecordCompleteVC.m in Sources */ = {isa = PBXBuildFile; fileRef = 357B2E0C26BC02D2006C15FD /* DBRecordCompleteVC.m */; };
		357B2E1826BC033D006C15FD /* UIViewController+DBBackButtonHandler.m in Sources */ = {isa = PBXBuildFile; fileRef = 357B2E1626BC033D006C15FD /* UIViewController+DBBackButtonHandler.m */; };
		357B2E1E26BC0B53006C15FD /* DBUserInfoManager.m in Sources */ = {isa = PBXBuildFile; fileRef = 357B2E1D26BC0B53006C15FD /* DBUserInfoManager.m */; };
		357B2E2426BC150E006C15FD /* DBVoiceEngraverEntryVC.m in Sources */ = {isa = PBXBuildFile; fileRef = 357B2E2326BC150E006C15FD /* DBVoiceEngraverEntryVC.m */; };
		357E965926B2ADF300A789E2 /* Assets.xcassets in Resources */ = {isa = PBXBuildFile; fileRef = 357E965826B2ADF300A789E2 /* Assets.xcassets */; };
		357E965C26B2ADF300A789E2 /* LaunchScreen.storyboard in Resources */ = {isa = PBXBuildFile; fileRef = 357E965A26B2ADF300A789E2 /* LaunchScreen.storyboard */; };
		357E965F26B2ADF300A789E2 /* main.m in Sources */ = {isa = PBXBuildFile; fileRef = 357E965E26B2ADF300A789E2 /* main.m */; };
		357E966926B2ADF400A789E2 /* DBAudioSDKDemoTests.m in Sources */ = {isa = PBXBuildFile; fileRef = 357E966826B2ADF400A789E2 /* DBAudioSDKDemoTests.m */; };
		357E967426B2ADF400A789E2 /* DBAudioSDKDemoUITests.m in Sources */ = {isa = PBXBuildFile; fileRef = 357E967326B2ADF400A789E2 /* DBAudioSDKDemoUITests.m */; };
		358A656E27328B6A0063C0B4 /* libc++.tbd in Frameworks */ = {isa = PBXBuildFile; fileRef = 358A656D27328B6A0063C0B4 /* libc++.tbd */; };
		35B73D612AAB0F1E0021C5DB /* DBFCountDownView.m in Sources */ = {isa = PBXBuildFile; fileRef = 35B73D602AAB0F1E0021C5DB /* DBFCountDownView.m */; };
		35B73D642AAB12BE0021C5DB /* UIView+Factory_hzj.m in Sources */ = {isa = PBXBuildFile; fileRef = 35B73D622AAB12BE0021C5DB /* UIView+Factory_hzj.m */; };
		35B73D682AAB19D20021C5DB /* NSTimer+BlocksSupport.m in Sources */ = {isa = PBXBuildFile; fileRef = 35B73D662AAB19D10021C5DB /* NSTimer+BlocksSupport.m */; };
		35CE9A5E26B6B835002D9337 /* AppDelegate.m in Sources */ = {isa = PBXBuildFile; fileRef = 35CE9A4826B6B834002D9337 /* AppDelegate.m */; };
		35CE9A5F26B6B835002D9337 /* SceneDelegate.m in Sources */ = {isa = PBXBuildFile; fileRef = 35CE9A4A26B6B834002D9337 /* SceneDelegate.m */; };
		35CE9A6026B6B835002D9337 /* DBASRLongVC.m in Sources */ = {isa = PBXBuildFile; fileRef = 35CE9A4B26B6B834002D9337 /* DBASRLongVC.m */; };
		35CE9A6126B6B835002D9337 /* ViewController.m in Sources */ = {isa = PBXBuildFile; fileRef = 35CE9A4D26B6B834002D9337 /* ViewController.m */; };
		35CE9A6426B6B835002D9337 /* DBASRVC.m in Sources */ = {isa = PBXBuildFile; fileRef = 35CE9A5326B6B834002D9337 /* DBASRVC.m */; };
		35CE9A6526B6B835002D9337 /* 8.png in Resources */ = {isa = PBXBuildFile; fileRef = 35CE9A5626B6B834002D9337 /* 8.png */; };
		35CE9A6626B6B835002D9337 /* 4.png in Resources */ = {isa = PBXBuildFile; fileRef = 35CE9A5726B6B834002D9337 /* 4.png */; };
		35CE9A6726B6B835002D9337 /* 5.png in Resources */ = {isa = PBXBuildFile; fileRef = 35CE9A5826B6B834002D9337 /* 5.png */; };
		35CE9A6826B6B835002D9337 /* 7.png in Resources */ = {isa = PBXBuildFile; fileRef = 35CE9A5926B6B834002D9337 /* 7.png */; };
		35CE9A6926B6B835002D9337 /* 6.png in Resources */ = {isa = PBXBuildFile; fileRef = 35CE9A5A26B6B834002D9337 /* 6.png */; };
		35CE9A6A26B6B835002D9337 /* 2.png in Resources */ = {isa = PBXBuildFile; fileRef = 35CE9A5B26B6B834002D9337 /* 2.png */; };
		35CE9A6B26B6B835002D9337 /* 3.png in Resources */ = {isa = PBXBuildFile; fileRef = 35CE9A5C26B6B834002D9337 /* 3.png */; };
		35CE9A6C26B6B835002D9337 /* 1.png in Resources */ = {isa = PBXBuildFile; fileRef = 35CE9A5D26B6B834002D9337 /* 1.png */; };
		35CE9A9E26B6C52E002D9337 /* Main.storyboard in Resources */ = {isa = PBXBuildFile; fileRef = 35CE9A9C26B6C52E002D9337 /* Main.storyboard */; };
		35CE9B0126B96DFC002D9337 /* DBOnlineTTSVC.m in Sources */ = {isa = PBXBuildFile; fileRef = 35CE9B0026B96DFC002D9337 /* DBOnlineTTSVC.m */; };
		35CE9B1D26BA2DF4002D9337 /* DBVoiceTransferVC.m in Sources */ = {isa = PBXBuildFile; fileRef = 35CE9B1C26BA2DF4002D9337 /* DBVoiceTransferVC.m */; };
		35CE9B2626BA2E18002D9337 /* MBProgressHUD.m in Sources */ = {isa = PBXBuildFile; fileRef = 35CE9B2226BA2E18002D9337 /* MBProgressHUD.m */; };
		35CE9B2726BA2E18002D9337 /* XCHudHelper.m in Sources */ = {isa = PBXBuildFile; fileRef = 35CE9B2326BA2E18002D9337 /* XCHudHelper.m */; };
		35CE9B2D26BA2EE3002D9337 /* DBLoginVC.m in Sources */ = {isa = PBXBuildFile; fileRef = 35CE9B2C26BA2EE3002D9337 /* DBLoginVC.m */; };
		35D3925B273CC0A600406B61 /* DBVPMatchOneListVC.m in Sources */ = {isa = PBXBuildFile; fileRef = 35D3925A273CC0A600406B61 /* DBVPMatchOneListVC.m */; };
		35D3925E273CECEC00406B61 /* DBVPMatchReadVC.m in Sources */ = {isa = PBXBuildFile; fileRef = 35D3925D273CECEC00406B61 /* DBVPMatchReadVC.m */; };
		35D39261273CFBBF00406B61 /* DBVPMatchSuccessVC.m in Sources */ = {isa = PBXBuildFile; fileRef = 35D39260273CFBBF00406B61 /* DBVPMatchSuccessVC.m */; };
		35D756B02A248B02007C64E9 /* DBTimeLogerUtil.m in Sources */ = {isa = PBXBuildFile; fileRef = 35D756AE2A248B02007C64E9 /* DBTimeLogerUtil.m */; };
		35D756B72A248D0B007C64E9 /* DBASRSettingVC.swift in Sources */ = {isa = PBXBuildFile; fileRef = 35D756B52A248D0B007C64E9 /* DBASRSettingVC.swift */; };
		35F0B3F027268CB600D9313D /* libc++.tbd in Frameworks */ = {isa = PBXBuildFile; fileRef = 35F0B3EF27268CB600D9313D /* libc++.tbd */; };
		35F0B3F32726A6C700D9313D /* DBOfflineVoiceConvertVC.m in Sources */ = {isa = PBXBuildFile; fileRef = 35F0B3F22726A6C700D9313D /* DBOfflineVoiceConvertVC.m */; };
		35F0B3FC2727A75200D9313D /* libc++.1.tbd in Frameworks */ = {isa = PBXBuildFile; fileRef = 35F0B3FB2727A75200D9313D /* libc++.1.tbd */; };
		44A6E92F28C4164C440ECD6C /* libPods-DBAudioSDKDemoTests.a in Frameworks */ = {isa = PBXBuildFile; fileRef = 29FF94512958ADADC1B0DB83 /* libPods-DBAudioSDKDemoTests.a */; };
		740B9DD46C10E63211A8C6F5 /* libPods-DBAudioSDKDemo.a in Frameworks */ = {isa = PBXBuildFile; fileRef = DE39EEC8F7C740B9F329BF74 /* libPods-DBAudioSDKDemo.a */; };
		D7E218429DBD3977F5481F3D /* libPods-DBAudioSDKDemo-DBAudioSDKDemoUITests.a in Frameworks */ = {isa = PBXBuildFile; fileRef = BC1FA24DD0FB15E19ED271C3 /* libPods-DBAudioSDKDemo-DBAudioSDKDemoUITests.a */; };
/* End PBXBuildFile section */

/* Begin PBXContainerItemProxy section */
		357E966526B2ADF400A789E2 /* PBXContainerItemProxy */ = {
			isa = PBXContainerItemProxy;
			containerPortal = 357E964126B2ADF000A789E2 /* Project object */;
			proxyType = 1;
			remoteGlobalIDString = 357E964826B2ADF100A789E2;
			remoteInfo = DBAudioSDKDemo;
		};
		357E967026B2ADF400A789E2 /* PBXContainerItemProxy */ = {
			isa = PBXContainerItemProxy;
			containerPortal = 357E964126B2ADF000A789E2 /* Project object */;
			proxyType = 1;
			remoteGlobalIDString = 357E964826B2ADF100A789E2;
			remoteInfo = DBAudioSDKDemo;
		};
/* End PBXContainerItemProxy section */

/* Begin PBXFileReference section */
		0F108CA42338827AEC64C552 /* Pods-DBAudioSDKDemo-DBAudioSDKDemoUITests.debug.xcconfig */ = {isa = PBXFileReference; includeInIndex = 1; lastKnownFileType = text.xcconfig; name = "Pods-DBAudioSDKDemo-DBAudioSDKDemoUITests.debug.xcconfig"; path = "Target Support Files/Pods-DBAudioSDKDemo-DBAudioSDKDemoUITests/Pods-DBAudioSDKDemo-DBAudioSDKDemoUITests.debug.xcconfig"; sourceTree = "<group>"; };
		29FF94512958ADADC1B0DB83 /* libPods-DBAudioSDKDemoTests.a */ = {isa = PBXFileReference; explicitFileType = archive.ar; includeInIndex = 0; path = "libPods-DBAudioSDKDemoTests.a"; sourceTree = BUILT_PRODUCTS_DIR; };
		3036E1505FF557E7EDEA217B /* Pods-DBAudioSDKDemo-DBAudioSDKDemoUITests.release.xcconfig */ = {isa = PBXFileReference; includeInIndex = 1; lastKnownFileType = text.xcconfig; name = "Pods-DBAudioSDKDemo-DBAudioSDKDemoUITests.release.xcconfig"; path = "Target Support Files/Pods-DBAudioSDKDemo-DBAudioSDKDemoUITests/Pods-DBAudioSDKDemo-DBAudioSDKDemoUITests.release.xcconfig"; sourceTree = "<group>"; };
		351D6A232738FE1D00A88418 /* DBVPStoryboard.storyboard */ = {isa = PBXFileReference; lastKnownFileType = file.storyboard; path = DBVPStoryboard.storyboard; sourceTree = "<group>"; };
		351D6A35273A505700A88418 /* DBVPRegisterInfoVC.h */ = {isa = PBXFileReference; lastKnownFileType = sourcecode.c.h; path = DBVPRegisterInfoVC.h; sourceTree = "<group>"; };
		351D6A36273A505700A88418 /* DBVPRegisterInfoVC.m */ = {isa = PBXFileReference; lastKnownFileType = sourcecode.c.objc; path = DBVPRegisterInfoVC.m; sourceTree = "<group>"; };
		351D6A38273A50CC00A88418 /* DBVPRegisterReadVC.h */ = {isa = PBXFileReference; lastKnownFileType = sourcecode.c.h; path = DBVPRegisterReadVC.h; sourceTree = "<group>"; };
		351D6A39273A50CC00A88418 /* DBVPRegisterReadVC.m */ = {isa = PBXFileReference; lastKnownFileType = sourcecode.c.objc; path = DBVPRegisterReadVC.m; sourceTree = "<group>"; };
		3553903BD8F67B8442078CF9 /* Pods-DBAudioSDKDemo.release.xcconfig */ = {isa = PBXFileReference; includeInIndex = 1; lastKnownFileType = text.xcconfig; name = "Pods-DBAudioSDKDemo.release.xcconfig"; path = "Target Support Files/Pods-DBAudioSDKDemo/Pods-DBAudioSDKDemo.release.xcconfig"; sourceTree = "<group>"; };
		35631C8E273D11EF00A7343B /* DBVPHomeVC.h */ = {isa = PBXFileReference; lastKnownFileType = sourcecode.c.h; path = DBVPHomeVC.h; sourceTree = "<group>"; };
		35631C8F273D11EF00A7343B /* DBVPHomeVC.m */ = {isa = PBXFileReference; lastKnownFileType = sourcecode.c.objc; path = DBVPHomeVC.m; sourceTree = "<group>"; };
		35631C91273D230200A7343B /* DBVPMatchMoreListVC.h */ = {isa = PBXFileReference; lastKnownFileType = sourcecode.c.h; path = DBVPMatchMoreListVC.h; sourceTree = "<group>"; };
		35631C92273D230200A7343B /* DBVPMatchMoreListVC.m */ = {isa = PBXFileReference; lastKnownFileType = sourcecode.c.objc; path = DBVPMatchMoreListVC.m; sourceTree = "<group>"; };
		357B2E0426BC02D1006C15FD /* DBRecordTextVC.m */ = {isa = PBXFileReference; fileEncoding = 4; lastKnownFileType = sourcecode.c.objc; path = DBRecordTextVC.m; sourceTree = "<group>"; };
		357B2E0526BC02D1006C15FD /* DBNoiseDetectionVC.h */ = {isa = PBXFileReference; fileEncoding = 4; lastKnownFileType = sourcecode.c.h; path = DBNoiseDetectionVC.h; sourceTree = "<group>"; };
		357B2E0626BC02D1006C15FD /* DBRecordCompleteVC.h */ = {isa = PBXFileReference; fileEncoding = 4; lastKnownFileType = sourcecode.c.h; path = DBRecordCompleteVC.h; sourceTree = "<group>"; };
		357B2E0726BC02D2006C15FD /* DBRecordTextVC.h */ = {isa = PBXFileReference; fileEncoding = 4; lastKnownFileType = sourcecode.c.h; path = DBRecordTextVC.h; sourceTree = "<group>"; };
		357B2E0826BC02D2006C15FD /* DBVoiceExperienceVC.m */ = {isa = PBXFileReference; fileEncoding = 4; lastKnownFileType = sourcecode.c.objc; path = DBVoiceExperienceVC.m; sourceTree = "<group>"; };
		357B2E0926BC02D2006C15FD /* DBVoiceListVC.h */ = {isa = PBXFileReference; fileEncoding = 4; lastKnownFileType = sourcecode.c.h; path = DBVoiceListVC.h; sourceTree = "<group>"; };
		357B2E0A26BC02D2006C15FD /* DBNoiseDetectionVC.m */ = {isa = PBXFileReference; fileEncoding = 4; lastKnownFileType = sourcecode.c.objc; path = DBNoiseDetectionVC.m; sourceTree = "<group>"; };
		357B2E0B26BC02D2006C15FD /* DBVoiceListVC.m */ = {isa = PBXFileReference; fileEncoding = 4; lastKnownFileType = sourcecode.c.objc; path = DBVoiceListVC.m; sourceTree = "<group>"; };
		357B2E0C26BC02D2006C15FD /* DBRecordCompleteVC.m */ = {isa = PBXFileReference; fileEncoding = 4; lastKnownFileType = sourcecode.c.objc; path = DBRecordCompleteVC.m; sourceTree = "<group>"; };
		357B2E0D26BC02D2006C15FD /* DBVoiceExperienceVC.h */ = {isa = PBXFileReference; fileEncoding = 4; lastKnownFileType = sourcecode.c.h; path = DBVoiceExperienceVC.h; sourceTree = "<group>"; };
		357B2E1626BC033D006C15FD /* UIViewController+DBBackButtonHandler.m */ = {isa = PBXFileReference; fileEncoding = 4; lastKnownFileType = sourcecode.c.objc; path = "UIViewController+DBBackButtonHandler.m"; sourceTree = "<group>"; };
		357B2E1726BC033D006C15FD /* UIViewController+DBBackButtonHandler.h */ = {isa = PBXFileReference; fileEncoding = 4; lastKnownFileType = sourcecode.c.h; path = "UIViewController+DBBackButtonHandler.h"; sourceTree = "<group>"; };
		357B2E1C26BC0B53006C15FD /* DBUserInfoManager.h */ = {isa = PBXFileReference; lastKnownFileType = sourcecode.c.h; path = DBUserInfoManager.h; sourceTree = "<group>"; };
		357B2E1D26BC0B53006C15FD /* DBUserInfoManager.m */ = {isa = PBXFileReference; lastKnownFileType = sourcecode.c.objc; path = DBUserInfoManager.m; sourceTree = "<group>"; };
		357B2E2226BC150E006C15FD /* DBVoiceEngraverEntryVC.h */ = {isa = PBXFileReference; lastKnownFileType = sourcecode.c.h; path = DBVoiceEngraverEntryVC.h; sourceTree = "<group>"; };
		357B2E2326BC150E006C15FD /* DBVoiceEngraverEntryVC.m */ = {isa = PBXFileReference; lastKnownFileType = sourcecode.c.objc; path = DBVoiceEngraverEntryVC.m; sourceTree = "<group>"; };
		357E964926B2ADF100A789E2 /* DBAudioSDKDemo.app */ = {isa = PBXFileReference; explicitFileType = wrapper.application; includeInIndex = 0; path = DBAudioSDKDemo.app; sourceTree = BUILT_PRODUCTS_DIR; };
		357E965826B2ADF300A789E2 /* Assets.xcassets */ = {isa = PBXFileReference; lastKnownFileType = folder.assetcatalog; path = Assets.xcassets; sourceTree = "<group>"; };
		357E965B26B2ADF300A789E2 /* Base */ = {isa = PBXFileReference; lastKnownFileType = file.storyboard; name = Base; path = Base.lproj/LaunchScreen.storyboard; sourceTree = "<group>"; };
		357E965D26B2ADF300A789E2 /* Info.plist */ = {isa = PBXFileReference; lastKnownFileType = text.plist.xml; path = Info.plist; sourceTree = "<group>"; };
		357E965E26B2ADF300A789E2 /* main.m */ = {isa = PBXFileReference; lastKnownFileType = sourcecode.c.objc; path = main.m; sourceTree = "<group>"; };
		357E966426B2ADF400A789E2 /* DBAudioSDKDemoTests.xctest */ = {isa = PBXFileReference; explicitFileType = wrapper.cfbundle; includeInIndex = 0; path = DBAudioSDKDemoTests.xctest; sourceTree = BUILT_PRODUCTS_DIR; };
		357E966826B2ADF400A789E2 /* DBAudioSDKDemoTests.m */ = {isa = PBXFileReference; lastKnownFileType = sourcecode.c.objc; path = DBAudioSDKDemoTests.m; sourceTree = "<group>"; };
		357E966A26B2ADF400A789E2 /* Info.plist */ = {isa = PBXFileReference; lastKnownFileType = text.plist.xml; path = Info.plist; sourceTree = "<group>"; };
		357E966F26B2ADF400A789E2 /* DBAudioSDKDemoUITests.xctest */ = {isa = PBXFileReference; explicitFileType = wrapper.cfbundle; includeInIndex = 0; path = DBAudioSDKDemoUITests.xctest; sourceTree = BUILT_PRODUCTS_DIR; };
		357E967326B2ADF400A789E2 /* DBAudioSDKDemoUITests.m */ = {isa = PBXFileReference; lastKnownFileType = sourcecode.c.objc; path = DBAudioSDKDemoUITests.m; sourceTree = "<group>"; };
		357E967526B2ADF400A789E2 /* Info.plist */ = {isa = PBXFileReference; lastKnownFileType = text.plist.xml; path = Info.plist; sourceTree = "<group>"; };
		358A656D27328B6A0063C0B4 /* libc++.tbd */ = {isa = PBXFileReference; lastKnownFileType = "sourcecode.text-based-dylib-definition"; name = "libc++.tbd"; path = "Platforms/MacOSX.platform/Developer/SDKs/MacOSX11.3.sdk/usr/lib/libc++.tbd"; sourceTree = DEVELOPER_DIR; };
		358A656F27328B940063C0B4 /* libc++.1.tbd */ = {isa = PBXFileReference; lastKnownFileType = "sourcecode.text-based-dylib-definition"; name = "libc++.1.tbd"; path = "Platforms/MacOSX.platform/Developer/SDKs/MacOSX11.3.sdk/usr/lib/libc++.1.tbd"; sourceTree = DEVELOPER_DIR; };
		35B73D5F2AAB0F1E0021C5DB /* DBFCountDownView.h */ = {isa = PBXFileReference; fileEncoding = 4; lastKnownFileType = sourcecode.c.h; path = DBFCountDownView.h; sourceTree = "<group>"; };
		35B73D602AAB0F1E0021C5DB /* DBFCountDownView.m */ = {isa = PBXFileReference; fileEncoding = 4; lastKnownFileType = sourcecode.c.objc; path = DBFCountDownView.m; sourceTree = "<group>"; };
		35B73D622AAB12BE0021C5DB /* UIView+Factory_hzj.m */ = {isa = PBXFileReference; fileEncoding = 4; lastKnownFileType = sourcecode.c.objc; path = "UIView+Factory_hzj.m"; sourceTree = "<group>"; };
		35B73D632AAB12BE0021C5DB /* UIView+Factory_hzj.h */ = {isa = PBXFileReference; fileEncoding = 4; lastKnownFileType = sourcecode.c.h; path = "UIView+Factory_hzj.h"; sourceTree = "<group>"; };
		35B73D662AAB19D10021C5DB /* NSTimer+BlocksSupport.m */ = {isa = PBXFileReference; fileEncoding = 4; lastKnownFileType = sourcecode.c.objc; path = "NSTimer+BlocksSupport.m"; sourceTree = "<group>"; };
		35B73D672AAB19D20021C5DB /* NSTimer+BlocksSupport.h */ = {isa = PBXFileReference; fileEncoding = 4; lastKnownFileType = sourcecode.c.h; path = "NSTimer+BlocksSupport.h"; sourceTree = "<group>"; };
		35CE9A4726B6B834002D9337 /* SceneDelegate.h */ = {isa = PBXFileReference; fileEncoding = 4; lastKnownFileType = sourcecode.c.h; path = SceneDelegate.h; sourceTree = "<group>"; };
		35CE9A4826B6B834002D9337 /* AppDelegate.m */ = {isa = PBXFileReference; fileEncoding = 4; lastKnownFileType = sourcecode.c.objc; path = AppDelegate.m; sourceTree = "<group>"; };
		35CE9A4926B6B834002D9337 /* ViewController.h */ = {isa = PBXFileReference; fileEncoding = 4; lastKnownFileType = sourcecode.c.h; path = ViewController.h; sourceTree = "<group>"; };
		35CE9A4A26B6B834002D9337 /* SceneDelegate.m */ = {isa = PBXFileReference; fileEncoding = 4; lastKnownFileType = sourcecode.c.objc; path = SceneDelegate.m; sourceTree = "<group>"; };
		35CE9A4B26B6B834002D9337 /* DBASRLongVC.m */ = {isa = PBXFileReference; fileEncoding = 4; lastKnownFileType = sourcecode.c.objc; path = DBASRLongVC.m; sourceTree = "<group>"; wrapsLines = 0; };
		35CE9A4C26B6B834002D9337 /* DBASRVC.h */ = {isa = PBXFileReference; fileEncoding = 4; lastKnownFileType = sourcecode.c.h; path = DBASRVC.h; sourceTree = "<group>"; };
		35CE9A4D26B6B834002D9337 /* ViewController.m */ = {isa = PBXFileReference; fileEncoding = 4; lastKnownFileType = sourcecode.c.objc; path = ViewController.m; sourceTree = "<group>"; };
		35CE9A5326B6B834002D9337 /* DBASRVC.m */ = {isa = PBXFileReference; fileEncoding = 4; lastKnownFileType = sourcecode.c.objc; path = DBASRVC.m; sourceTree = "<group>"; };
		35CE9A5426B6B834002D9337 /* DBASRLongVC.h */ = {isa = PBXFileReference; fileEncoding = 4; lastKnownFileType = sourcecode.c.h; path = DBASRLongVC.h; sourceTree = "<group>"; };
		35CE9A5626B6B834002D9337 /* 8.png */ = {isa = PBXFileReference; lastKnownFileType = image.png; path = 8.png; sourceTree = "<group>"; };
		35CE9A5726B6B834002D9337 /* 4.png */ = {isa = PBXFileReference; lastKnownFileType = image.png; path = 4.png; sourceTree = "<group>"; };
		35CE9A5826B6B834002D9337 /* 5.png */ = {isa = PBXFileReference; lastKnownFileType = image.png; path = 5.png; sourceTree = "<group>"; };
		35CE9A5926B6B834002D9337 /* 7.png */ = {isa = PBXFileReference; lastKnownFileType = image.png; path = 7.png; sourceTree = "<group>"; };
		35CE9A5A26B6B834002D9337 /* 6.png */ = {isa = PBXFileReference; lastKnownFileType = image.png; path = 6.png; sourceTree = "<group>"; };
		35CE9A5B26B6B834002D9337 /* 2.png */ = {isa = PBXFileReference; lastKnownFileType = image.png; path = 2.png; sourceTree = "<group>"; };
		35CE9A5C26B6B834002D9337 /* 3.png */ = {isa = PBXFileReference; lastKnownFileType = image.png; path = 3.png; sourceTree = "<group>"; };
		35CE9A5D26B6B834002D9337 /* 1.png */ = {isa = PBXFileReference; lastKnownFileType = image.png; path = 1.png; sourceTree = "<group>"; };
		35CE9A9D26B6C52E002D9337 /* Base */ = {isa = PBXFileReference; lastKnownFileType = file.storyboard; name = Base; path = Base.lproj/Main.storyboard; sourceTree = "<group>"; };
		35CE9AD826B8F6EF002D9337 /* AppDelegate.h */ = {isa = PBXFileReference; fileEncoding = 4; lastKnownFileType = sourcecode.c.h; path = AppDelegate.h; sourceTree = "<group>"; };
		35CE9AFF26B96DFC002D9337 /* DBOnlineTTSVC.h */ = {isa = PBXFileReference; lastKnownFileType = sourcecode.c.h; path = DBOnlineTTSVC.h; sourceTree = "<group>"; };
		35CE9B0026B96DFC002D9337 /* DBOnlineTTSVC.m */ = {isa = PBXFileReference; lastKnownFileType = sourcecode.c.objc; path = DBOnlineTTSVC.m; sourceTree = "<group>"; };
		35CE9B1B26BA2DF4002D9337 /* DBVoiceTransferVC.h */ = {isa = PBXFileReference; lastKnownFileType = sourcecode.c.h; path = DBVoiceTransferVC.h; sourceTree = "<group>"; };
		35CE9B1C26BA2DF4002D9337 /* DBVoiceTransferVC.m */ = {isa = PBXFileReference; lastKnownFileType = sourcecode.c.objc; path = DBVoiceTransferVC.m; sourceTree = "<group>"; };
		35CE9B2226BA2E18002D9337 /* MBProgressHUD.m */ = {isa = PBXFileReference; fileEncoding = 4; lastKnownFileType = sourcecode.c.objc; path = MBProgressHUD.m; sourceTree = "<group>"; };
		35CE9B2326BA2E18002D9337 /* XCHudHelper.m */ = {isa = PBXFileReference; fileEncoding = 4; lastKnownFileType = sourcecode.c.objc; path = XCHudHelper.m; sourceTree = "<group>"; };
		35CE9B2426BA2E18002D9337 /* MBProgressHUD.h */ = {isa = PBXFileReference; fileEncoding = 4; lastKnownFileType = sourcecode.c.h; path = MBProgressHUD.h; sourceTree = "<group>"; };
		35CE9B2526BA2E18002D9337 /* XCHudHelper.h */ = {isa = PBXFileReference; fileEncoding = 4; lastKnownFileType = sourcecode.c.h; path = XCHudHelper.h; sourceTree = "<group>"; };
		35CE9B2B26BA2EE2002D9337 /* DBLoginVC.h */ = {isa = PBXFileReference; fileEncoding = 4; lastKnownFileType = sourcecode.c.h; path = DBLoginVC.h; sourceTree = "<group>"; };
		35CE9B2C26BA2EE3002D9337 /* DBLoginVC.m */ = {isa = PBXFileReference; fileEncoding = 4; lastKnownFileType = sourcecode.c.objc; path = DBLoginVC.m; sourceTree = "<group>"; };
		35D39259273CC0A600406B61 /* DBVPMatchOneListVC.h */ = {isa = PBXFileReference; lastKnownFileType = sourcecode.c.h; path = DBVPMatchOneListVC.h; sourceTree = "<group>"; };
		35D3925A273CC0A600406B61 /* DBVPMatchOneListVC.m */ = {isa = PBXFileReference; lastKnownFileType = sourcecode.c.objc; path = DBVPMatchOneListVC.m; sourceTree = "<group>"; };
		35D3925C273CECEC00406B61 /* DBVPMatchReadVC.h */ = {isa = PBXFileReference; lastKnownFileType = sourcecode.c.h; path = DBVPMatchReadVC.h; sourceTree = "<group>"; };
		35D3925D273CECEC00406B61 /* DBVPMatchReadVC.m */ = {isa = PBXFileReference; lastKnownFileType = sourcecode.c.objc; path = DBVPMatchReadVC.m; sourceTree = "<group>"; };
		35D3925F273CFBBF00406B61 /* DBVPMatchSuccessVC.h */ = {isa = PBXFileReference; lastKnownFileType = sourcecode.c.h; path = DBVPMatchSuccessVC.h; sourceTree = "<group>"; };
		35D39260273CFBBF00406B61 /* DBVPMatchSuccessVC.m */ = {isa = PBXFileReference; lastKnownFileType = sourcecode.c.objc; path = DBVPMatchSuccessVC.m; sourceTree = "<group>"; };
		35D756AE2A248B02007C64E9 /* DBTimeLogerUtil.m */ = {isa = PBXFileReference; fileEncoding = 4; lastKnownFileType = sourcecode.c.objc; path = DBTimeLogerUtil.m; sourceTree = "<group>"; };
		35D756AF2A248B02007C64E9 /* DBTimeLogerUtil.h */ = {isa = PBXFileReference; fileEncoding = 4; lastKnownFileType = sourcecode.c.h; path = DBTimeLogerUtil.h; sourceTree = "<group>"; };
		35D756B52A248D0B007C64E9 /* DBASRSettingVC.swift */ = {isa = PBXFileReference; fileEncoding = 4; lastKnownFileType = sourcecode.swift; path = DBASRSettingVC.swift; sourceTree = "<group>"; };
		35D756B82A2491F9007C64E9 /* DBAudioSDKDemo-Bridging-Header.h */ = {isa = PBXFileReference; lastKnownFileType = sourcecode.c.h; path = "DBAudioSDKDemo-Bridging-Header.h"; sourceTree = "<group>"; };
		35F0B3EF27268CB600D9313D /* libc++.tbd */ = {isa = PBXFileReference; lastKnownFileType = "sourcecode.text-based-dylib-definition"; name = "libc++.tbd"; path = "usr/lib/libc++.tbd"; sourceTree = SDKROOT; };
		35F0B3F12726A6C700D9313D /* DBOfflineVoiceConvertVC.h */ = {isa = PBXFileReference; lastKnownFileType = sourcecode.c.h; path = DBOfflineVoiceConvertVC.h; sourceTree = "<group>"; };
		35F0B3F22726A6C700D9313D /* DBOfflineVoiceConvertVC.m */ = {isa = PBXFileReference; lastKnownFileType = sourcecode.c.objc; path = DBOfflineVoiceConvertVC.m; sourceTree = "<group>"; };
		35F0B3FB2727A75200D9313D /* libc++.1.tbd */ = {isa = PBXFileReference; lastKnownFileType = "sourcecode.text-based-dylib-definition"; name = "libc++.1.tbd"; path = "usr/lib/libc++.1.tbd"; sourceTree = SDKROOT; };
		495B6515F5ADB917E4596C8A /* Pods-DBAudioSDKDemoTests.release.xcconfig */ = {isa = PBXFileReference; includeInIndex = 1; lastKnownFileType = text.xcconfig; name = "Pods-DBAudioSDKDemoTests.release.xcconfig"; path = "Target Support Files/Pods-DBAudioSDKDemoTests/Pods-DBAudioSDKDemoTests.release.xcconfig"; sourceTree = "<group>"; };
		AF238E3D868970FA8ECB2670 /* Pods-DBAudioSDKDemo.debug.xcconfig */ = {isa = PBXFileReference; includeInIndex = 1; lastKnownFileType = text.xcconfig; name = "Pods-DBAudioSDKDemo.debug.xcconfig"; path = "Target Support Files/Pods-DBAudioSDKDemo/Pods-DBAudioSDKDemo.debug.xcconfig"; sourceTree = "<group>"; };
		BC1FA24DD0FB15E19ED271C3 /* libPods-DBAudioSDKDemo-DBAudioSDKDemoUITests.a */ = {isa = PBXFileReference; explicitFileType = archive.ar; includeInIndex = 0; path = "libPods-DBAudioSDKDemo-DBAudioSDKDemoUITests.a"; sourceTree = BUILT_PRODUCTS_DIR; };
		C728F4BEF98F3BBB29F3D85C /* Pods-DBAudioSDKDemoTests.debug.xcconfig */ = {isa = PBXFileReference; includeInIndex = 1; lastKnownFileType = text.xcconfig; name = "Pods-DBAudioSDKDemoTests.debug.xcconfig"; path = "Target Support Files/Pods-DBAudioSDKDemoTests/Pods-DBAudioSDKDemoTests.debug.xcconfig"; sourceTree = "<group>"; };
		DE39EEC8F7C740B9F329BF74 /* libPods-DBAudioSDKDemo.a */ = {isa = PBXFileReference; explicitFileType = archive.ar; includeInIndex = 0; path = "libPods-DBAudioSDKDemo.a"; sourceTree = BUILT_PRODUCTS_DIR; };
/* End PBXFileReference section */

/* Begin PBXFrameworksBuildPhase section */
		357E964626B2ADF100A789E2 /* Frameworks */ = {
			isa = PBXFrameworksBuildPhase;
			buildActionMask = 2147483647;
			files = (
				35F0B3FC2727A75200D9313D /* libc++.1.tbd in Frameworks */,
				35F0B3F027268CB600D9313D /* libc++.tbd in Frameworks */,
				740B9DD46C10E63211A8C6F5 /* libPods-DBAudioSDKDemo.a in Frameworks */,
			);
			runOnlyForDeploymentPostprocessing = 0;
		};
		357E966126B2ADF400A789E2 /* Frameworks */ = {
			isa = PBXFrameworksBuildPhase;
			buildActionMask = 2147483647;
			files = (
				358A656E27328B6A0063C0B4 /* libc++.tbd in Frameworks */,
				44A6E92F28C4164C440ECD6C /* libPods-DBAudioSDKDemoTests.a in Frameworks */,
			);
			runOnlyForDeploymentPostprocessing = 0;
		};
		357E966C26B2ADF400A789E2 /* Frameworks */ = {
			isa = PBXFrameworksBuildPhase;
			buildActionMask = 2147483647;
			files = (
				D7E218429DBD3977F5481F3D /* libPods-DBAudioSDKDemo-DBAudioSDKDemoUITests.a in Frameworks */,
			);
			runOnlyForDeploymentPostprocessing = 0;
		};
/* End PBXFrameworksBuildPhase section */

/* Begin PBXGroup section */
		351D6A222738FD9700A88418 /* DBVocalPrint */ = {
			isa = PBXGroup;
			children = (
				351D6A232738FE1D00A88418 /* DBVPStoryboard.storyboard */,
				35631C8E273D11EF00A7343B /* DBVPHomeVC.h */,
				35631C8F273D11EF00A7343B /* DBVPHomeVC.m */,
				351D6A35273A505700A88418 /* DBVPRegisterInfoVC.h */,
				351D6A36273A505700A88418 /* DBVPRegisterInfoVC.m */,
				351D6A38273A50CC00A88418 /* DBVPRegisterReadVC.h */,
				351D6A39273A50CC00A88418 /* DBVPRegisterReadVC.m */,
				35D39259273CC0A600406B61 /* DBVPMatchOneListVC.h */,
				35D3925A273CC0A600406B61 /* DBVPMatchOneListVC.m */,
				35D3925C273CECEC00406B61 /* DBVPMatchReadVC.h */,
				35D3925D273CECEC00406B61 /* DBVPMatchReadVC.m */,
				35D3925F273CFBBF00406B61 /* DBVPMatchSuccessVC.h */,
				35D39260273CFBBF00406B61 /* DBVPMatchSuccessVC.m */,
				35631C91273D230200A7343B /* DBVPMatchMoreListVC.h */,
				35631C92273D230200A7343B /* DBVPMatchMoreListVC.m */,
			);
			path = DBVocalPrint;
			sourceTree = "<group>";
		};
		3542CD1F27268ACA0091E76E /* DBOfflineVoiceConvert */ = {
			isa = PBXGroup;
			children = (
				35F0B3F12726A6C700D9313D /* DBOfflineVoiceConvertVC.h */,
				35F0B3F22726A6C700D9313D /* DBOfflineVoiceConvertVC.m */,
			);
			path = DBOfflineVoiceConvert;
			sourceTree = "<group>";
		};
		357B2DF826BBC466006C15FD /* DBVoiceEngraver */ = {
			isa = PBXGroup;
			children = (
				357B2E1726BC033D006C15FD /* UIViewController+DBBackButtonHandler.h */,
				357B2E1626BC033D006C15FD /* UIViewController+DBBackButtonHandler.m */,
				357B2E0526BC02D1006C15FD /* DBNoiseDetectionVC.h */,
				357B2E0A26BC02D2006C15FD /* DBNoiseDetectionVC.m */,
				357B2E0626BC02D1006C15FD /* DBRecordCompleteVC.h */,
				357B2E0C26BC02D2006C15FD /* DBRecordCompleteVC.m */,
				357B2E0726BC02D2006C15FD /* DBRecordTextVC.h */,
				357B2E0426BC02D1006C15FD /* DBRecordTextVC.m */,
				357B2E0D26BC02D2006C15FD /* DBVoiceExperienceVC.h */,
				357B2E0826BC02D2006C15FD /* DBVoiceExperienceVC.m */,
				357B2E0926BC02D2006C15FD /* DBVoiceListVC.h */,
				357B2E0B26BC02D2006C15FD /* DBVoiceListVC.m */,
				357B2E2226BC150E006C15FD /* DBVoiceEngraverEntryVC.h */,
				357B2E2326BC150E006C15FD /* DBVoiceEngraverEntryVC.m */,
				35B73D652AAB12C20021C5DB /* CustomView */,
			);
			path = DBVoiceEngraver;
			sourceTree = "<group>";
		};
		357E964026B2ADF000A789E2 = {
			isa = PBXGroup;
			children = (
				357E964B26B2ADF100A789E2 /* DBAudioSDKDemo */,
				357E966726B2ADF400A789E2 /* DBAudioSDKDemoTests */,
				357E967226B2ADF400A789E2 /* DBAudioSDKDemoUITests */,
				357E964A26B2ADF100A789E2 /* Products */,
				6E2F4645E2C09BBBEFF43E60 /* Pods */,
				51CF3080ED0ADC6C0397A584 /* Frameworks */,
			);
			sourceTree = "<group>";
		};
		357E964A26B2ADF100A789E2 /* Products */ = {
			isa = PBXGroup;
			children = (
				357E964926B2ADF100A789E2 /* DBAudioSDKDemo.app */,
				357E966426B2ADF400A789E2 /* DBAudioSDKDemoTests.xctest */,
				357E966F26B2ADF400A789E2 /* DBAudioSDKDemoUITests.xctest */,
			);
			name = Products;
			sourceTree = "<group>";
		};
		357E964B26B2ADF100A789E2 /* DBAudioSDKDemo */ = {
			isa = PBXGroup;
			children = (
				35CE9AD726B8F6A5002D9337 /* ASRGroup */,
				35CE9AFB26B96BF2002D9337 /* TTSGroup */,
				35CE9B0C26B9715E002D9337 /* DBVoiceTransfer */,
				357B2DF826BBC466006C15FD /* DBVoiceEngraver */,
				3542CD1F27268ACA0091E76E /* DBOfflineVoiceConvert */,
				351D6A222738FD9700A88418 /* DBVocalPrint */,
				35D756AD2A2487B3007C64E9 /* Util */,
				35CE9AD826B8F6EF002D9337 /* AppDelegate.h */,
				35CE9A4826B6B834002D9337 /* AppDelegate.m */,
				35CE9A4926B6B834002D9337 /* ViewController.h */,
				35CE9A4D26B6B834002D9337 /* ViewController.m */,
				35CE9A4726B6B834002D9337 /* SceneDelegate.h */,
				35CE9A4A26B6B834002D9337 /* SceneDelegate.m */,
				35CE9B2B26BA2EE2002D9337 /* DBLoginVC.h */,
				35CE9B2C26BA2EE3002D9337 /* DBLoginVC.m */,
				357B2E1C26BC0B53006C15FD /* DBUserInfoManager.h */,
				357B2E1D26BC0B53006C15FD /* DBUserInfoManager.m */,
				357E965826B2ADF300A789E2 /* Assets.xcassets */,
				35CE9A9C26B6C52E002D9337 /* Main.storyboard */,
				357E965A26B2ADF300A789E2 /* LaunchScreen.storyboard */,
				357E965D26B2ADF300A789E2 /* Info.plist */,
				357E965E26B2ADF300A789E2 /* main.m */,
			);
			path = DBAudioSDKDemo;
			sourceTree = "<group>";
		};
		357E966726B2ADF400A789E2 /* DBAudioSDKDemoTests */ = {
			isa = PBXGroup;
			children = (
				357E966826B2ADF400A789E2 /* DBAudioSDKDemoTests.m */,
				357E966A26B2ADF400A789E2 /* Info.plist */,
			);
			path = DBAudioSDKDemoTests;
			sourceTree = "<group>";
		};
		357E967226B2ADF400A789E2 /* DBAudioSDKDemoUITests */ = {
			isa = PBXGroup;
			children = (
				357E967326B2ADF400A789E2 /* DBAudioSDKDemoUITests.m */,
				357E967526B2ADF400A789E2 /* Info.plist */,
			);
			path = DBAudioSDKDemoUITests;
			sourceTree = "<group>";
		};
		35B73D652AAB12C20021C5DB /* CustomView */ = {
			isa = PBXGroup;
			children = (
				35B73D672AAB19D20021C5DB /* NSTimer+BlocksSupport.h */,
				35B73D662AAB19D10021C5DB /* NSTimer+BlocksSupport.m */,
				35B73D5F2AAB0F1E0021C5DB /* DBFCountDownView.h */,
				35B73D602AAB0F1E0021C5DB /* DBFCountDownView.m */,
				35B73D632AAB12BE0021C5DB /* UIView+Factory_hzj.h */,
				35B73D622AAB12BE0021C5DB /* UIView+Factory_hzj.m */,
			);
			path = CustomView;
			sourceTree = "<group>";
		};
		35CE9A5526B6B834002D9337 /* DBVoiceResource */ = {
			isa = PBXGroup;
			children = (
				35CE9A5626B6B834002D9337 /* 8.png */,
				35CE9A5726B6B834002D9337 /* 4.png */,
				35CE9A5826B6B834002D9337 /* 5.png */,
				35CE9A5926B6B834002D9337 /* 7.png */,
				35CE9A5A26B6B834002D9337 /* 6.png */,
				35CE9A5B26B6B834002D9337 /* 2.png */,
				35CE9A5C26B6B834002D9337 /* 3.png */,
				35CE9A5D26B6B834002D9337 /* 1.png */,
			);
			path = DBVoiceResource;
			sourceTree = "<group>";
		};
		35CE9AD726B8F6A5002D9337 /* ASRGroup */ = {
			isa = PBXGroup;
			children = (
				35CE9A5526B6B834002D9337 /* DBVoiceResource */,
				35CE9A5426B6B834002D9337 /* DBASRLongVC.h */,
				35CE9A4B26B6B834002D9337 /* DBASRLongVC.m */,
				35CE9A4C26B6B834002D9337 /* DBASRVC.h */,
				35CE9A5326B6B834002D9337 /* DBASRVC.m */,
				35D756B52A248D0B007C64E9 /* DBASRSettingVC.swift */,
				35D756B82A2491F9007C64E9 /* DBAudioSDKDemo-Bridging-Header.h */,
			);
			path = ASRGroup;
			sourceTree = "<group>";
		};
		35CE9AFB26B96BF2002D9337 /* TTSGroup */ = {
			isa = PBXGroup;
			children = (
				35CE9AFF26B96DFC002D9337 /* DBOnlineTTSVC.h */,
				35CE9B0026B96DFC002D9337 /* DBOnlineTTSVC.m */,
			);
			path = TTSGroup;
			sourceTree = "<group>";
		};
		35CE9B0C26B9715E002D9337 /* DBVoiceTransfer */ = {
			isa = PBXGroup;
			children = (
				35CE9B1B26BA2DF4002D9337 /* DBVoiceTransferVC.h */,
				35CE9B1C26BA2DF4002D9337 /* DBVoiceTransferVC.m */,
				35CE9B2126BA2E18002D9337 /* XCToast */,
			);
			path = DBVoiceTransfer;
			sourceTree = "<group>";
		};
		35CE9B2126BA2E18002D9337 /* XCToast */ = {
			isa = PBXGroup;
			children = (
				35CE9B2426BA2E18002D9337 /* MBProgressHUD.h */,
				35CE9B2226BA2E18002D9337 /* MBProgressHUD.m */,
				35CE9B2326BA2E18002D9337 /* XCHudHelper.m */,
				35CE9B2526BA2E18002D9337 /* XCHudHelper.h */,
			);
			path = XCToast;
			sourceTree = "<group>";
		};
		35D756AD2A2487B3007C64E9 /* Util */ = {
			isa = PBXGroup;
			children = (
				35D756AF2A248B02007C64E9 /* DBTimeLogerUtil.h */,
				35D756AE2A248B02007C64E9 /* DBTimeLogerUtil.m */,
			);
			path = Util;
			sourceTree = "<group>";
		};
		51CF3080ED0ADC6C0397A584 /* Frameworks */ = {
			isa = PBXGroup;
			children = (
				358A656F27328B940063C0B4 /* libc++.1.tbd */,
				358A656D27328B6A0063C0B4 /* libc++.tbd */,
				35F0B3FB2727A75200D9313D /* libc++.1.tbd */,
				35F0B3EF27268CB600D9313D /* libc++.tbd */,
				DE39EEC8F7C740B9F329BF74 /* libPods-DBAudioSDKDemo.a */,
				BC1FA24DD0FB15E19ED271C3 /* libPods-DBAudioSDKDemo-DBAudioSDKDemoUITests.a */,
				29FF94512958ADADC1B0DB83 /* libPods-DBAudioSDKDemoTests.a */,
			);
			name = Frameworks;
			sourceTree = "<group>";
		};
		6E2F4645E2C09BBBEFF43E60 /* Pods */ = {
			isa = PBXGroup;
			children = (
				AF238E3D868970FA8ECB2670 /* Pods-DBAudioSDKDemo.debug.xcconfig */,
				3553903BD8F67B8442078CF9 /* Pods-DBAudioSDKDemo.release.xcconfig */,
				0F108CA42338827AEC64C552 /* Pods-DBAudioSDKDemo-DBAudioSDKDemoUITests.debug.xcconfig */,
				3036E1505FF557E7EDEA217B /* Pods-DBAudioSDKDemo-DBAudioSDKDemoUITests.release.xcconfig */,
				C728F4BEF98F3BBB29F3D85C /* Pods-DBAudioSDKDemoTests.debug.xcconfig */,
				495B6515F5ADB917E4596C8A /* Pods-DBAudioSDKDemoTests.release.xcconfig */,
			);
			path = Pods;
			sourceTree = "<group>";
		};
/* End PBXGroup section */

/* Begin PBXNativeTarget section */
		357E964826B2ADF100A789E2 /* DBAudioSDKDemo */ = {
			isa = PBXNativeTarget;
			buildConfigurationList = 357E967826B2ADF400A789E2 /* Build configuration list for PBXNativeTarget "DBAudioSDKDemo" */;
			buildPhases = (
				20790AAE7CF3A4C169CA1A9F /* [CP] Check Pods Manifest.lock */,
				357E964526B2ADF100A789E2 /* Sources */,
				357E964626B2ADF100A789E2 /* Frameworks */,
				357E964726B2ADF100A789E2 /* Resources */,
			);
			buildRules = (
			);
			dependencies = (
			);
			name = DBAudioSDKDemo;
			productName = DBAudioSDKDemo;
			productReference = 357E964926B2ADF100A789E2 /* DBAudioSDKDemo.app */;
			productType = "com.apple.product-type.application";
		};
		357E966326B2ADF400A789E2 /* DBAudioSDKDemoTests */ = {
			isa = PBXNativeTarget;
			buildConfigurationList = 357E967B26B2ADF400A789E2 /* Build configuration list for PBXNativeTarget "DBAudioSDKDemoTests" */;
			buildPhases = (
				E60F2C37029334BBF6C490DA /* [CP] Check Pods Manifest.lock */,
				357E966026B2ADF400A789E2 /* Sources */,
				357E966126B2ADF400A789E2 /* Frameworks */,
				357E966226B2ADF400A789E2 /* Resources */,
			);
			buildRules = (
			);
			dependencies = (
				357E966626B2ADF400A789E2 /* PBXTargetDependency */,
			);
			name = DBAudioSDKDemoTests;
			productName = DBAudioSDKDemoTests;
			productReference = 357E966426B2ADF400A789E2 /* DBAudioSDKDemoTests.xctest */;
			productType = "com.apple.product-type.bundle.unit-test";
		};
		357E966E26B2ADF400A789E2 /* DBAudioSDKDemoUITests */ = {
			isa = PBXNativeTarget;
			buildConfigurationList = 357E967E26B2ADF400A789E2 /* Build configuration list for PBXNativeTarget "DBAudioSDKDemoUITests" */;
			buildPhases = (
				CC8F7D7CB6FF672A5D09607B /* [CP] Check Pods Manifest.lock */,
				357E966B26B2ADF400A789E2 /* Sources */,
				357E966C26B2ADF400A789E2 /* Frameworks */,
				357E966D26B2ADF400A789E2 /* Resources */,
			);
			buildRules = (
			);
			dependencies = (
				357E967126B2ADF400A789E2 /* PBXTargetDependency */,
			);
			name = DBAudioSDKDemoUITests;
			productName = DBAudioSDKDemoUITests;
			productReference = 357E966F26B2ADF400A789E2 /* DBAudioSDKDemoUITests.xctest */;
			productType = "com.apple.product-type.bundle.ui-testing";
		};
/* End PBXNativeTarget section */

/* Begin PBXProject section */
		357E964126B2ADF000A789E2 /* Project object */ = {
			isa = PBXProject;
			attributes = {
				LastUpgradeCheck = 1230;
				TargetAttributes = {
					357E964826B2ADF100A789E2 = {
						CreatedOnToolsVersion = 12.3;
						LastSwiftMigration = 1420;
					};
					357E966326B2ADF400A789E2 = {
						CreatedOnToolsVersion = 12.3;
						TestTargetID = 357E964826B2ADF100A789E2;
					};
					357E966E26B2ADF400A789E2 = {
						CreatedOnToolsVersion = 12.3;
						TestTargetID = 357E964826B2ADF100A789E2;
					};
				};
			};
			buildConfigurationList = 357E964426B2ADF000A789E2 /* Build configuration list for PBXProject "DBAudioSDKDemo" */;
			compatibilityVersion = "Xcode 9.3";
			developmentRegion = en;
			hasScannedForEncodings = 0;
			knownRegions = (
				en,
				Base,
			);
			mainGroup = 357E964026B2ADF000A789E2;
			productRefGroup = 357E964A26B2ADF100A789E2 /* Products */;
			projectDirPath = "";
			projectRoot = "";
			targets = (
				357E964826B2ADF100A789E2 /* DBAudioSDKDemo */,
				357E966326B2ADF400A789E2 /* DBAudioSDKDemoTests */,
				357E966E26B2ADF400A789E2 /* DBAudioSDKDemoUITests */,
			);
		};
/* End PBXProject section */

/* Begin PBXResourcesBuildPhase section */
		357E964726B2ADF100A789E2 /* Resources */ = {
			isa = PBXResourcesBuildPhase;
			buildActionMask = 2147483647;
			files = (
				35CE9A6B26B6B835002D9337 /* 3.png in Resources */,
				35CE9A6626B6B835002D9337 /* 4.png in Resources */,
				35CE9A6526B6B835002D9337 /* 8.png in Resources */,
				35CE9A6A26B6B835002D9337 /* 2.png in Resources */,
				35CE9A6926B6B835002D9337 /* 6.png in Resources */,
				357E965C26B2ADF300A789E2 /* LaunchScreen.storyboard in Resources */,
				35CE9A9E26B6C52E002D9337 /* Main.storyboard in Resources */,
				35CE9A6726B6B835002D9337 /* 5.png in Resources */,
				357E965926B2ADF300A789E2 /* Assets.xcassets in Resources */,
				351D6A242738FE1D00A88418 /* DBVPStoryboard.storyboard in Resources */,
				35CE9A6C26B6B835002D9337 /* 1.png in Resources */,
				35CE9A6826B6B835002D9337 /* 7.png in Resources */,
			);
			runOnlyForDeploymentPostprocessing = 0;
		};
		357E966226B2ADF400A789E2 /* Resources */ = {
			isa = PBXResourcesBuildPhase;
			buildActionMask = 2147483647;
			files = (
			);
			runOnlyForDeploymentPostprocessing = 0;
		};
		357E966D26B2ADF400A789E2 /* Resources */ = {
			isa = PBXResourcesBuildPhase;
			buildActionMask = 2147483647;
			files = (
			);
			runOnlyForDeploymentPostprocessing = 0;
		};
/* End PBXResourcesBuildPhase section */

/* Begin PBXShellScriptBuildPhase section */
		20790AAE7CF3A4C169CA1A9F /* [CP] Check Pods Manifest.lock */ = {
			isa = PBXShellScriptBuildPhase;
			buildActionMask = 2147483647;
			files = (
			);
			inputFileListPaths = (
			);
			inputPaths = (
				"${PODS_PODFILE_DIR_PATH}/Podfile.lock",
				"${PODS_ROOT}/Manifest.lock",
			);
			name = "[CP] Check Pods Manifest.lock";
			outputFileListPaths = (
			);
			outputPaths = (
				"$(DERIVED_FILE_DIR)/Pods-DBAudioSDKDemo-checkManifestLockResult.txt",
			);
			runOnlyForDeploymentPostprocessing = 0;
			shellPath = /bin/sh;
			shellScript = "diff \"${PODS_PODFILE_DIR_PATH}/Podfile.lock\" \"${PODS_ROOT}/Manifest.lock\" > /dev/null\nif [ $? != 0 ] ; then\n    # print error to STDERR\n    echo \"error: The sandbox is not in sync with the Podfile.lock. Run 'pod install' or update your CocoaPods installation.\" >&2\n    exit 1\nfi\n# This output is used by Xcode 'outputs' to avoid re-running this script phase.\necho \"SUCCESS\" > \"${SCRIPT_OUTPUT_FILE_0}\"\n";
			showEnvVarsInLog = 0;
		};
		CC8F7D7CB6FF672A5D09607B /* [CP] Check Pods Manifest.lock */ = {
			isa = PBXShellScriptBuildPhase;
			buildActionMask = 2147483647;
			files = (
			);
			inputFileListPaths = (
			);
			inputPaths = (
				"${PODS_PODFILE_DIR_PATH}/Podfile.lock",
				"${PODS_ROOT}/Manifest.lock",
			);
			name = "[CP] Check Pods Manifest.lock";
			outputFileListPaths = (
			);
			outputPaths = (
				"$(DERIVED_FILE_DIR)/Pods-DBAudioSDKDemo-DBAudioSDKDemoUITests-checkManifestLockResult.txt",
			);
			runOnlyForDeploymentPostprocessing = 0;
			shellPath = /bin/sh;
			shellScript = "diff \"${PODS_PODFILE_DIR_PATH}/Podfile.lock\" \"${PODS_ROOT}/Manifest.lock\" > /dev/null\nif [ $? != 0 ] ; then\n    # print error to STDERR\n    echo \"error: The sandbox is not in sync with the Podfile.lock. Run 'pod install' or update your CocoaPods installation.\" >&2\n    exit 1\nfi\n# This output is used by Xcode 'outputs' to avoid re-running this script phase.\necho \"SUCCESS\" > \"${SCRIPT_OUTPUT_FILE_0}\"\n";
			showEnvVarsInLog = 0;
		};
		E60F2C37029334BBF6C490DA /* [CP] Check Pods Manifest.lock */ = {
			isa = PBXShellScriptBuildPhase;
			buildActionMask = 2147483647;
			files = (
			);
			inputFileListPaths = (
			);
			inputPaths = (
				"${PODS_PODFILE_DIR_PATH}/Podfile.lock",
				"${PODS_ROOT}/Manifest.lock",
			);
			name = "[CP] Check Pods Manifest.lock";
			outputFileListPaths = (
			);
			outputPaths = (
				"$(DERIVED_FILE_DIR)/Pods-DBAudioSDKDemoTests-checkManifestLockResult.txt",
			);
			runOnlyForDeploymentPostprocessing = 0;
			shellPath = /bin/sh;
			shellScript = "diff \"${PODS_PODFILE_DIR_PATH}/Podfile.lock\" \"${PODS_ROOT}/Manifest.lock\" > /dev/null\nif [ $? != 0 ] ; then\n    # print error to STDERR\n    echo \"error: The sandbox is not in sync with the Podfile.lock. Run 'pod install' or update your CocoaPods installation.\" >&2\n    exit 1\nfi\n# This output is used by Xcode 'outputs' to avoid re-running this script phase.\necho \"SUCCESS\" > \"${SCRIPT_OUTPUT_FILE_0}\"\n";
			showEnvVarsInLog = 0;
		};
/* End PBXShellScriptBuildPhase section */

/* Begin PBXSourcesBuildPhase section */
		357E964526B2ADF100A789E2 /* Sources */ = {
			isa = PBXSourcesBuildPhase;
			buildActionMask = 2147483647;
			files = (
				357B2E1E26BC0B53006C15FD /* DBUserInfoManager.m in Sources */,
				351D6A37273A505700A88418 /* DBVPRegisterInfoVC.m in Sources */,
				35CE9B1D26BA2DF4002D9337 /* DBVoiceTransferVC.m in Sources */,
				35D3925B273CC0A600406B61 /* DBVPMatchOneListVC.m in Sources */,
				35D39261273CFBBF00406B61 /* DBVPMatchSuccessVC.m in Sources */,
				35CE9A5E26B6B835002D9337 /* AppDelegate.m in Sources */,
				35CE9A6026B6B835002D9337 /* DBASRLongVC.m in Sources */,
				35CE9B0126B96DFC002D9337 /* DBOnlineTTSVC.m in Sources */,
				35CE9B2626BA2E18002D9337 /* MBProgressHUD.m in Sources */,
				35CE9A5F26B6B835002D9337 /* SceneDelegate.m in Sources */,
				35F0B3F32726A6C700D9313D /* DBOfflineVoiceConvertVC.m in Sources */,
				357B2E1226BC02D2006C15FD /* DBRecordCompleteVC.m in Sources */,
				357B2E1126BC02D2006C15FD /* DBVoiceListVC.m in Sources */,
				35B73D642AAB12BE0021C5DB /* UIView+Factory_hzj.m in Sources */,
				35631C90273D11EF00A7343B /* DBVPHomeVC.m in Sources */,
				35D756B02A248B02007C64E9 /* DBTimeLogerUtil.m in Sources */,
				357B2E0E26BC02D2006C15FD /* DBRecordTextVC.m in Sources */,
				35D756B72A248D0B007C64E9 /* DBASRSettingVC.swift in Sources */,
				35CE9B2D26BA2EE3002D9337 /* DBLoginVC.m in Sources */,
				357B2E2426BC150E006C15FD /* DBVoiceEngraverEntryVC.m in Sources */,
				35CE9A6426B6B835002D9337 /* DBASRVC.m in Sources */,
				357E965F26B2ADF300A789E2 /* main.m in Sources */,
				35B73D612AAB0F1E0021C5DB /* DBFCountDownView.m in Sources */,
				35631C93273D230200A7343B /* DBVPMatchMoreListVC.m in Sources */,
				351D6A3A273A50CC00A88418 /* DBVPRegisterReadVC.m in Sources */,
				357B2E1826BC033D006C15FD /* UIViewController+DBBackButtonHandler.m in Sources */,
				35B73D682AAB19D20021C5DB /* NSTimer+BlocksSupport.m in Sources */,
				35D3925E273CECEC00406B61 /* DBVPMatchReadVC.m in Sources */,
				35CE9B2726BA2E18002D9337 /* XCHudHelper.m in Sources */,
				357B2E0F26BC02D2006C15FD /* DBVoiceExperienceVC.m in Sources */,
				35CE9A6126B6B835002D9337 /* ViewController.m in Sources */,
				357B2E1026BC02D2006C15FD /* DBNoiseDetectionVC.m in Sources */,
			);
			runOnlyForDeploymentPostprocessing = 0;
		};
		357E966026B2ADF400A789E2 /* Sources */ = {
			isa = PBXSourcesBuildPhase;
			buildActionMask = 2147483647;
			files = (
				357E966926B2ADF400A789E2 /* DBAudioSDKDemoTests.m in Sources */,
			);
			runOnlyForDeploymentPostprocessing = 0;
		};
		357E966B26B2ADF400A789E2 /* Sources */ = {
			isa = PBXSourcesBuildPhase;
			buildActionMask = 2147483647;
			files = (
				357E967426B2ADF400A789E2 /* DBAudioSDKDemoUITests.m in Sources */,
			);
			runOnlyForDeploymentPostprocessing = 0;
		};
/* End PBXSourcesBuildPhase section */

/* Begin PBXTargetDependency section */
		357E966626B2ADF400A789E2 /* PBXTargetDependency */ = {
			isa = PBXTargetDependency;
			target = 357E964826B2ADF100A789E2 /* DBAudioSDKDemo */;
			targetProxy = 357E966526B2ADF400A789E2 /* PBXContainerItemProxy */;
		};
		357E967126B2ADF400A789E2 /* PBXTargetDependency */ = {
			isa = PBXTargetDependency;
			target = 357E964826B2ADF100A789E2 /* DBAudioSDKDemo */;
			targetProxy = 357E967026B2ADF400A789E2 /* PBXContainerItemProxy */;
		};
/* End PBXTargetDependency section */

/* Begin PBXVariantGroup section */
		357E965A26B2ADF300A789E2 /* LaunchScreen.storyboard */ = {
			isa = PBXVariantGroup;
			children = (
				357E965B26B2ADF300A789E2 /* Base */,
			);
			name = LaunchScreen.storyboard;
			sourceTree = "<group>";
		};
		35CE9A9C26B6C52E002D9337 /* Main.storyboard */ = {
			isa = PBXVariantGroup;
			children = (
				35CE9A9D26B6C52E002D9337 /* Base */,
			);
			name = Main.storyboard;
			sourceTree = "<group>";
		};
/* End PBXVariantGroup section */

/* Begin XCBuildConfiguration section */
		357E967626B2ADF400A789E2 /* Debug */ = {
			isa = XCBuildConfiguration;
			buildSettings = {
				ALWAYS_SEARCH_USER_PATHS = NO;
				CLANG_ANALYZER_NONNULL = YES;
				CLANG_ANALYZER_NUMBER_OBJECT_CONVERSION = YES_AGGRESSIVE;
				CLANG_CXX_LANGUAGE_STANDARD = "gnu++14";
				CLANG_CXX_LIBRARY = "libc++";
				CLANG_ENABLE_MODULES = YES;
				CLANG_ENABLE_OBJC_ARC = YES;
				CLANG_ENABLE_OBJC_WEAK = YES;
				CLANG_WARN_BLOCK_CAPTURE_AUTORELEASING = YES;
				CLANG_WARN_BOOL_CONVERSION = YES;
				CLANG_WARN_COMMA = YES;
				CLANG_WARN_CONSTANT_CONVERSION = YES;
				CLANG_WARN_DEPRECATED_OBJC_IMPLEMENTATIONS = YES;
				CLANG_WARN_DIRECT_OBJC_ISA_USAGE = YES_ERROR;
				CLANG_WARN_DOCUMENTATION_COMMENTS = YES;
				CLANG_WARN_EMPTY_BODY = YES;
				CLANG_WARN_ENUM_CONVERSION = YES;
				CLANG_WARN_INFINITE_RECURSION = YES;
				CLANG_WARN_INT_CONVERSION = YES;
				CLANG_WARN_NON_LITERAL_NULL_CONVERSION = YES;
				CLANG_WARN_OBJC_IMPLICIT_RETAIN_SELF = YES;
				CLANG_WARN_OBJC_LITERAL_CONVERSION = YES;
				CLANG_WARN_OBJC_ROOT_CLASS = YES_ERROR;
				CLANG_WARN_QUOTED_INCLUDE_IN_FRAMEWORK_HEADER = YES;
				CLANG_WARN_RANGE_LOOP_ANALYSIS = YES;
				CLANG_WARN_STRICT_PROTOTYPES = YES;
				CLANG_WARN_SUSPICIOUS_MOVE = YES;
				CLANG_WARN_UNGUARDED_AVAILABILITY = YES_AGGRESSIVE;
				CLANG_WARN_UNREACHABLE_CODE = YES;
				CLANG_WARN__DUPLICATE_METHOD_MATCH = YES;
				COPY_PHASE_STRIP = NO;
				DEBUG_INFORMATION_FORMAT = dwarf;
				ENABLE_STRICT_OBJC_MSGSEND = YES;
				ENABLE_TESTABILITY = YES;
				GCC_C_LANGUAGE_STANDARD = gnu11;
				GCC_DYNAMIC_NO_PIC = NO;
				GCC_NO_COMMON_BLOCKS = YES;
				GCC_OPTIMIZATION_LEVEL = 0;
				GCC_PREPROCESSOR_DEFINITIONS = (
					"DEBUG=1",
					"$(inherited)",
				);
				GCC_WARN_64_TO_32_BIT_CONVERSION = YES;
				GCC_WARN_ABOUT_RETURN_TYPE = YES_ERROR;
				GCC_WARN_UNDECLARED_SELECTOR = YES;
				GCC_WARN_UNINITIALIZED_AUTOS = YES_AGGRESSIVE;
				GCC_WARN_UNUSED_FUNCTION = YES;
				GCC_WARN_UNUSED_VARIABLE = YES;
				IPHONEOS_DEPLOYMENT_TARGET = 11.1;
				MTL_ENABLE_DEBUG_INFO = INCLUDE_SOURCE;
				MTL_FAST_MATH = YES;
				ONLY_ACTIVE_ARCH = YES;
				SDKROOT = iphoneos;
			};
			name = Debug;
		};
		357E967726B2ADF400A789E2 /* Release */ = {
			isa = XCBuildConfiguration;
			buildSettings = {
				ALWAYS_SEARCH_USER_PATHS = NO;
				CLANG_ANALYZER_NONNULL = YES;
				CLANG_ANALYZER_NUMBER_OBJECT_CONVERSION = YES_AGGRESSIVE;
				CLANG_CXX_LANGUAGE_STANDARD = "gnu++14";
				CLANG_CXX_LIBRARY = "libc++";
				CLANG_ENABLE_MODULES = YES;
				CLANG_ENABLE_OBJC_ARC = YES;
				CLANG_ENABLE_OBJC_WEAK = YES;
				CLANG_WARN_BLOCK_CAPTURE_AUTORELEASING = YES;
				CLANG_WARN_BOOL_CONVERSION = YES;
				CLANG_WARN_COMMA = YES;
				CLANG_WARN_CONSTANT_CONVERSION = YES;
				CLANG_WARN_DEPRECATED_OBJC_IMPLEMENTATIONS = YES;
				CLANG_WARN_DIRECT_OBJC_ISA_USAGE = YES_ERROR;
				CLANG_WARN_DOCUMENTATION_COMMENTS = YES;
				CLANG_WARN_EMPTY_BODY = YES;
				CLANG_WARN_ENUM_CONVERSION = YES;
				CLANG_WARN_INFINITE_RECURSION = YES;
				CLANG_WARN_INT_CONVERSION = YES;
				CLANG_WARN_NON_LITERAL_NULL_CONVERSION = YES;
				CLANG_WARN_OBJC_IMPLICIT_RETAIN_SELF = YES;
				CLANG_WARN_OBJC_LITERAL_CONVERSION = YES;
				CLANG_WARN_OBJC_ROOT_CLASS = YES_ERROR;
				CLANG_WARN_QUOTED_INCLUDE_IN_FRAMEWORK_HEADER = YES;
				CLANG_WARN_RANGE_LOOP_ANALYSIS = YES;
				CLANG_WARN_STRICT_PROTOTYPES = YES;
				CLANG_WARN_SUSPICIOUS_MOVE = YES;
				CLANG_WARN_UNGUARDED_AVAILABILITY = YES_AGGRESSIVE;
				CLANG_WARN_UNREACHABLE_CODE = YES;
				CLANG_WARN__DUPLICATE_METHOD_MATCH = YES;
				COPY_PHASE_STRIP = NO;
				DEBUG_INFORMATION_FORMAT = "dwarf-with-dsym";
				ENABLE_NS_ASSERTIONS = NO;
				ENABLE_STRICT_OBJC_MSGSEND = YES;
				GCC_C_LANGUAGE_STANDARD = gnu11;
				GCC_NO_COMMON_BLOCKS = YES;
				GCC_WARN_64_TO_32_BIT_CONVERSION = YES;
				GCC_WARN_ABOUT_RETURN_TYPE = YES_ERROR;
				GCC_WARN_UNDECLARED_SELECTOR = YES;
				GCC_WARN_UNINITIALIZED_AUTOS = YES_AGGRESSIVE;
				GCC_WARN_UNUSED_FUNCTION = YES;
				GCC_WARN_UNUSED_VARIABLE = YES;
				IPHONEOS_DEPLOYMENT_TARGET = 11.1;
				MTL_ENABLE_DEBUG_INFO = NO;
				MTL_FAST_MATH = YES;
				SDKROOT = iphoneos;
				VALIDATE_PRODUCT = YES;
			};
			name = Release;
		};
		357E967926B2ADF400A789E2 /* Debug */ = {
			isa = XCBuildConfiguration;
			baseConfigurationReference = AF238E3D868970FA8ECB2670 /* Pods-DBAudioSDKDemo.debug.xcconfig */;
			buildSettings = {
				ASSETCATALOG_COMPILER_APPICON_NAME = AppIcon;
				ASSETCATALOG_COMPILER_GLOBAL_ACCENT_COLOR_NAME = AccentColor;
				CLANG_ENABLE_MODULES = YES;
				CODE_SIGN_IDENTITY = "Apple Development";
				CODE_SIGN_STYLE = Automatic;
				CURRENT_PROJECT_VERSION = 1100;
				DEVELOPMENT_TEAM = VWR2NHV4B6;
				ENABLE_BITCODE = NO;
				FRAMEWORK_SEARCH_PATHS = (
					"$(inherited)",
					"$(PROJECT_DIR)/DBAudioSDKDemo/DBOfflineVoiceConvert/DBOfflineVCKit",
					"$(PROJECT_DIR)/DBAudioSDKDemo/DBOfflineVoiceConvert",
				);
				INFOPLIST_FILE = DBAudioSDKDemo/Info.plist;
				INFOPLIST_KEY_CFBundleDisplayName = "标贝语音SDK";
				INFOPLIST_KEY_LSApplicationCategoryType = "public.app-category.productivity";
				IPHONEOS_DEPLOYMENT_TARGET = 11.0;
				LD_RUNPATH_SEARCH_PATHS = (
					"$(inherited)",
					"@executable_path/Frameworks",
				);
				LIBRARY_SEARCH_PATHS = "$(inherited)";
				MARKETING_VERSION = 1.1.00;
				PRODUCT_BUNDLE_IDENTIFIER = com.Biaobei.sdk.DBAudioSDKDemo;
				PRODUCT_NAME = "$(TARGET_NAME)";
				PROVISIONING_PROFILE_SPECIFIER = "";
				SWIFT_OBJC_BRIDGING_HEADER = "DBAudioSDKDemo/ASRGroup/DBAudioSDKDemo-Bridging-Header.h";
				SWIFT_OPTIMIZATION_LEVEL = "-Onone";
				SWIFT_VERSION = 5.0;
				TARGETED_DEVICE_FAMILY = "1,2";
			};
			name = Debug;
		};
		357E967A26B2ADF400A789E2 /* Release */ = {
			isa = XCBuildConfiguration;
			baseConfigurationReference = 3553903BD8F67B8442078CF9 /* Pods-DBAudioSDKDemo.release.xcconfig */;
			buildSettings = {
				ASSETCATALOG_COMPILER_APPICON_NAME = AppIcon;
				ASSETCATALOG_COMPILER_GLOBAL_ACCENT_COLOR_NAME = AccentColor;
				CLANG_ENABLE_MODULES = YES;
				CODE_SIGN_IDENTITY = "Apple Development";
				CODE_SIGN_STYLE = Automatic;
				CURRENT_PROJECT_VERSION = 1100;
				DEVELOPMENT_TEAM = VWR2NHV4B6;
				ENABLE_BITCODE = NO;
				FRAMEWORK_SEARCH_PATHS = (
					"$(inherited)",
					"$(PROJECT_DIR)/DBAudioSDKDemo/DBOfflineVoiceConvert/DBOfflineVCKit",
					"$(PROJECT_DIR)/DBAudioSDKDemo/DBOfflineVoiceConvert",
				);
				INFOPLIST_FILE = DBAudioSDKDemo/Info.plist;
				INFOPLIST_KEY_CFBundleDisplayName = "标贝语音SDK";
				INFOPLIST_KEY_LSApplicationCategoryType = "public.app-category.productivity";
				IPHONEOS_DEPLOYMENT_TARGET = 11.0;
				LD_RUNPATH_SEARCH_PATHS = (
					"$(inherited)",
					"@executable_path/Frameworks",
				);
				LIBRARY_SEARCH_PATHS = "$(inherited)";
				MARKETING_VERSION = 1.1.00;
				PRODUCT_BUNDLE_IDENTIFIER = com.Biaobei.sdk.DBAudioSDKDemo;
				PRODUCT_NAME = "$(TARGET_NAME)";
				PROVISIONING_PROFILE_SPECIFIER = "";
				SWIFT_OBJC_BRIDGING_HEADER = "DBAudioSDKDemo/ASRGroup/DBAudioSDKDemo-Bridging-Header.h";
				SWIFT_VERSION = 5.0;
				TARGETED_DEVICE_FAMILY = "1,2";
			};
			name = Release;
		};
		357E967C26B2ADF400A789E2 /* Debug */ = {
			isa = XCBuildConfiguration;
			baseConfigurationReference = C728F4BEF98F3BBB29F3D85C /* Pods-DBAudioSDKDemoTests.debug.xcconfig */;
			buildSettings = {
				ALWAYS_EMBED_SWIFT_STANDARD_LIBRARIES = YES;
				BUNDLE_LOADER = "$(TEST_HOST)";
				"CODE_SIGN_IDENTITY[sdk=macosx*]" = "Apple Development";
				CODE_SIGN_STYLE = Automatic;
				DEVELOPMENT_TEAM = VWR2NHV4B6;
				ENABLE_BITCODE = YES;
				INFOPLIST_FILE = DBAudioSDKDemoTests/Info.plist;
				IPHONEOS_DEPLOYMENT_TARGET = 11.0;
				LD_RUNPATH_SEARCH_PATHS = (
					"$(inherited)",
					"@executable_path/Frameworks",
					"@loader_path/Frameworks",
				);
				PRODUCT_BUNDLE_IDENTIFIER = com.shaw.text.DBAudioSDKDemoTests;
				PRODUCT_NAME = "$(TARGET_NAME)";
				TARGETED_DEVICE_FAMILY = "1,2";
				TEST_HOST = "$(BUILT_PRODUCTS_DIR)/DBAudioSDKDemo.app/DBAudioSDKDemo";
			};
			name = Debug;
		};
		357E967D26B2ADF400A789E2 /* Release */ = {
			isa = XCBuildConfiguration;
			baseConfigurationReference = 495B6515F5ADB917E4596C8A /* Pods-DBAudioSDKDemoTests.release.xcconfig */;
			buildSettings = {
				ALWAYS_EMBED_SWIFT_STANDARD_LIBRARIES = YES;
				BUNDLE_LOADER = "$(TEST_HOST)";
				"CODE_SIGN_IDENTITY[sdk=macosx*]" = "Apple Development";
				CODE_SIGN_STYLE = Automatic;
				DEVELOPMENT_TEAM = VWR2NHV4B6;
				ENABLE_BITCODE = YES;
				INFOPLIST_FILE = DBAudioSDKDemoTests/Info.plist;
				IPHONEOS_DEPLOYMENT_TARGET = 11.0;
				LD_RUNPATH_SEARCH_PATHS = (
					"$(inherited)",
					"@executable_path/Frameworks",
					"@loader_path/Frameworks",
				);
				PRODUCT_BUNDLE_IDENTIFIER = com.shaw.text.DBAudioSDKDemoTests;
				PRODUCT_NAME = "$(TARGET_NAME)";
				TARGETED_DEVICE_FAMILY = "1,2";
				TEST_HOST = "$(BUILT_PRODUCTS_DIR)/DBAudioSDKDemo.app/DBAudioSDKDemo";
			};
			name = Release;
		};
		357E967F26B2ADF400A789E2 /* Debug */ = {
			isa = XCBuildConfiguration;
			baseConfigurationReference = 0F108CA42338827AEC64C552 /* Pods-DBAudioSDKDemo-DBAudioSDKDemoUITests.debug.xcconfig */;
			buildSettings = {
				ALWAYS_EMBED_SWIFT_STANDARD_LIBRARIES = YES;
				CODE_SIGN_STYLE = Automatic;
				DEVELOPMENT_TEAM = VWR2NHV4B6;
				INFOPLIST_FILE = DBAudioSDKDemoUITests/Info.plist;
				IPHONEOS_DEPLOYMENT_TARGET = 10.0;
				LD_RUNPATH_SEARCH_PATHS = (
					"$(inherited)",
					"@executable_path/Frameworks",
					"@loader_path/Frameworks",
				);
				PRODUCT_BUNDLE_IDENTIFIER = com.shaw.text.DBAudioSDKDemoUITests;
				PRODUCT_NAME = "$(TARGET_NAME)";
				TARGETED_DEVICE_FAMILY = "1,2";
				TEST_TARGET_NAME = DBAudioSDKDemo;
			};
			name = Debug;
		};
		357E968026B2ADF400A789E2 /* Release */ = {
			isa = XCBuildConfiguration;
			baseConfigurationReference = 3036E1505FF557E7EDEA217B /* Pods-DBAudioSDKDemo-DBAudioSDKDemoUITests.release.xcconfig */;
			buildSettings = {
				ALWAYS_EMBED_SWIFT_STANDARD_LIBRARIES = YES;
				CODE_SIGN_STYLE = Automatic;
				DEVELOPMENT_TEAM = VWR2NHV4B6;
				INFOPLIST_FILE = DBAudioSDKDemoUITests/Info.plist;
				IPHONEOS_DEPLOYMENT_TARGET = 10.0;
				LD_RUNPATH_SEARCH_PATHS = (
					"$(inherited)",
					"@executable_path/Frameworks",
					"@loader_path/Frameworks",
				);
				PRODUCT_BUNDLE_IDENTIFIER = com.shaw.text.DBAudioSDKDemoUITests;
				PRODUCT_NAME = "$(TARGET_NAME)";
				TARGETED_DEVICE_FAMILY = "1,2";
				TEST_TARGET_NAME = DBAudioSDKDemo;
			};
			name = Release;
		};
/* End XCBuildConfiguration section */

/* Begin XCConfigurationList section */
		357E964426B2ADF000A789E2 /* Build configuration list for PBXProject "DBAudioSDKDemo" */ = {
			isa = XCConfigurationList;
			buildConfigurations = (
				357E967626B2ADF400A789E2 /* Debug */,
				357E967726B2ADF400A789E2 /* Release */,
			);
			defaultConfigurationIsVisible = 0;
			defaultConfigurationName = Release;
		};
		357E967826B2ADF400A789E2 /* Build configuration list for PBXNativeTarget "DBAudioSDKDemo" */ = {
			isa = XCConfigurationList;
			buildConfigurations = (
				357E967926B2ADF400A789E2 /* Debug */,
				357E967A26B2ADF400A789E2 /* Release */,
			);
			defaultConfigurationIsVisible = 0;
			defaultConfigurationName = Release;
		};
		357E967B26B2ADF400A789E2 /* Build configuration list for PBXNativeTarget "DBAudioSDKDemoTests" */ = {
			isa = XCConfigurationList;
			buildConfigurations = (
				357E967C26B2ADF400A789E2 /* Debug */,
				357E967D26B2ADF400A789E2 /* Release */,
			);
			defaultConfigurationIsVisible = 0;
			defaultConfigurationName = Release;
		};
		357E967E26B2ADF400A789E2 /* Build configuration list for PBXNativeTarget "DBAudioSDKDemoUITests" */ = {
			isa = XCConfigurationList;
			buildConfigurations = (
				357E967F26B2ADF400A789E2 /* Debug */,
				357E968026B2ADF400A789E2 /* Release */,
			);
			defaultConfigurationIsVisible = 0;
			defaultConfigurationName = Release;
		};
/* End XCConfigurationList section */
	};
	rootObject = 357E964126B2ADF000A789E2 /* Project object */;
}
