PODS:
  - DBAudioSDK (1.0.4):
    - DBAudioSDK/DBLongASRKit (= 1.0.4)
    - DBAudioSDK/DBOnlineTTSKit (= 1.0.4)
    - DBAudioSDK/DBShortASRKit (= 1.0.4)
    - DBAudioSDK/DBVoiceEngraverKit (= 1.0.4)
    - DBAudioSDK/DBVoiceTransferKit (= 1.0.4)
  - DBAudioSDK/DBLongASRKit (1.0.4)
  - DBAudioSDK/DBOnlineTTSKit (1.0.4)
  - DBAudioSDK/DBShortASRKit (1.0.4)
  - DBAudioSDK/DBVoiceEngraverKit (1.0.4)
  - DBAudioSDK/DBVoiceTransferKit (1.0.4)
  - IQKeyboardManager (6.5.6)
  - Masonry (1.1.0)
  - SocketRocket (0.5.1)
  - Toast (4.0.0)

DEPENDENCIES:
  - DBAudioSDK (from `../../`)
  - IQKeyboardManager (~> 6.5.6)
  - Masonry
  - SocketRocket
  - Toast (~> 4.0.0)

SPEC REPOS:
  https://github.com/CocoaPods/Specs.git:
    - IQKeyboardManager
    - Masonry
    - SocketRocket
    - Toast

EXTERNAL SOURCES:
  DBAudioSDK:
    :path: "../../"

SPEC CHECKSUMS:
  DBAudioSDK: ef3be0c6708baf995f57daa76f79be6054fe77ba
  IQKeyboardManager: 2a6e97afdafc7becf0cb17a9a8d795e3a980717f
  Masonry: 678fab65091a9290e40e2832a55e7ab731aad201
  SocketRocket: d57c7159b83c3c6655745cd15302aa24b6bae531
  Toast: 91b396c56ee72a5790816f40d3a94dd357abc196

PODFILE CHECKSUM: 05998a33239b8d7e27055b6634f3029ea19a7f33

COCOAPODS: 1.10.1
