PODS:
  - DBAudioSDK (1.0.6):
    - DBAudioSDK/DBLongASRKit (= 1.0.6)
    - DBAudioSDK/DBOfflineVCKit (= 1.0.6)
    - DBAudioSDK/DBOnlineTTSKit (= 1.0.6)
    - DBAudioSDK/DBShortASRKit (= 1.0.6)
    - DBAudioSDK/DBVocalPrintKit (= 1.0.6)
    - DBAudioSDK/DBVoiceEngraverKit (= 1.0.6)
    - DBAudioSDK/DBVoiceTransferKit (= 1.0.6)
  - DBAudioSDK/DBLongASRKit (1.0.6)
  - DBAudioSDK/DBOfflineVCKit (1.0.6):
    - DBAudioSDK/DBVoiceTransferKit
  - DBAudioSDK/DBOnlineTTSKit (1.0.6)
  - DBAudioSDK/DBShortASRKit (1.0.6)
  - DBAudioSDK/DBVocalPrintKit (1.0.6)
  - DBAudioSDK/DBVoiceEngraverKit (1.0.6)
  - DBAudioSDK/DBVoiceTransferKit (1.0.6)
  - DoraemonKit/Core (3.0.7):
    - FMDB
    - GCDWebServer
    - GCDWebServer/WebDAV
    - GCDWebServer/WebUploader
  - FMDB (2.7.5):
    - FMDB/standard (= 2.7.5)
  - FMDB/standard (2.7.5)
  - GCDWebServer (3.5.4):
    - GCDWebServer/Core (= 3.5.4)
  - GCDWebServer/Core (3.5.4)
  - GCDWebServer/WebDAV (3.5.4):
    - GCDWebServer/Core
  - GCDWebServer/WebUploader (3.5.4):
    - GCDWebServer/Core
  - IQKeyboardManager (6.5.6)
  - Masonry (1.1.0)
  - SocketRocket (0.5.1)
  - Toast (4.0.0)

DEPENDENCIES:
  - DBAudioSDK (from `../../`)
  - DoraemonKit/Core (~> 3.0.4)
  - IQKeyboardManager (~> 6.5.6)
  - Masonry
  - SocketRocket
  - Toast (~> 4.0.0)

SPEC REPOS:
  https://github.com/CocoaPods/Specs.git:
    - DoraemonKit
    - FMDB
    - GCDWebServer
    - IQKeyboardManager
    - Masonry
    - SocketRocket
    - Toast

EXTERNAL SOURCES:
  DBAudioSDK:
    :path: "../../"

SPEC CHECKSUMS:
  DBAudioSDK: 40895ff18ab126f05c5e776920b2378045b64437
  DoraemonKit: 32fb97f3aa82efa133111d193080ca5462cef135
  FMDB: 2ce00b547f966261cd18927a3ddb07cb6f3db82a
  GCDWebServer: 2c156a56c8226e2d5c0c3f208a3621ccffbe3ce4
  IQKeyboardManager: 2a6e97afdafc7becf0cb17a9a8d795e3a980717f
  Masonry: 678fab65091a9290e40e2832a55e7ab731aad201
  SocketRocket: d57c7159b83c3c6655745cd15302aa24b6bae531
  Toast: 91b396c56ee72a5790816f40d3a94dd357abc196

PODFILE CHECKSUM: 5454036899ae4b5d246601b325151a734178eaa1

COCOAPODS: 1.10.1
