PODS:
  - DBAudioSDK/DBLongASRKit (0.0.1)

DEPENDENCIES:
  - DBAudioSDK/DBLongASRKit (from `../../`)

EXTERNAL SOURCES:
  DBAudioSDK:
    :path: "../../"

SPEC CHECKSUMS:
  DBAudioSDK: 63186141d8b661a40d20aa295a2833269cdcdcfe

PODFILE CHECKSUM: 763568c21d9eef62e040df020e641f8859ee534d

COCOAPODS: 1.10.1
